
Microsoft Visual Studio Solution File, Format Version 12.00
# Visual Studio Version 16
VisualStudioVersion = 16.0.31424.327
MinimumVisualStudioVersion = 10.0.40219.1
Project("{FAE04EC0-301F-11D3-BF4B-00C04F79EFBC}") = "Lab4_3", "Lab4_3\Lab4_3.csproj", "{5AA814EA-8E6B-45A4-B51D-AAC92514E60D}"
EndProject
Global
	GlobalSection(SolutionConfigurationPlatforms) = preSolution
		Debug|Any CPU = Debug|Any CPU
		Release|Any CPU = Release|Any CPU
	EndGlobalSection
	GlobalSection(ProjectConfigurationPlatforms) = postSolution
		{5AA814EA-8E6B-45A4-B51D-AAC92514E60D}.Debug|Any CPU.ActiveCfg = Debug|Any CPU
		{5AA814EA-8E6B-45A4-B51D-AAC92514E60D}.Debug|Any CPU.Build.0 = Debug|Any CPU
		{5AA814EA-8E6B-45A4-B51D-AAC92514E60D}.Release|Any CPU.ActiveCfg = Release|Any CPU
		{5AA814EA-8E6B-45A4-B51D-AAC92514E60D}.Release|Any CPU.Build.0 = Release|Any CPU
	EndGlobalSection
	GlobalSection(SolutionProperties) = preSolution
		HideSolutionNode = FALSE
	EndGlobalSection
	GlobalSection(ExtensibilityGlobals) = postSolution
		SolutionGuid = {0A95CB63-7293-4584-A57B-54B1B2049859}
	EndGlobalSection
EndGlobal
